
Microsoft Visual Studio Solution File, Format Version 12.00
# Visual Studio Version 17
VisualStudioVersion = 17.11.35222.181
MinimumVisualStudioVersion = 10.0.40219.1
Project("{FAE04EC0-301F-11D3-BF4B-00C04F79EFBC}") = "Charity", "Charity.csproj", "{D95AE1BC-42E2-471D-96EA-50390741B071}"
EndProject
Global
	GlobalSection(SolutionConfigurationPlatforms) = preSolution
		Debug|Any CPU = Debug|Any CPU
		Release|Any CPU = Release|Any CPU
	EndGlobalSection
	GlobalSection(ProjectConfigurationPlatforms) = postSolution
		{D95AE1BC-42E2-471D-96EA-50390741B071}.Debug|Any CPU.ActiveCfg = Debug|Any CPU
		{D95AE1BC-42E2-471D-96EA-50390741B071}.Debug|Any CPU.Build.0 = Debug|Any CPU
		{D95AE1BC-42E2-471D-96EA-50390741B071}.Release|Any CPU.ActiveCfg = Release|Any CPU
		{D95AE1BC-42E2-471D-96EA-50390741B071}.Release|Any CPU.Build.0 = Release|Any CPU
	EndGlobalSection
	GlobalSection(SolutionProperties) = preSolution
		HideSolutionNode = FALSE
	EndGlobalSection
	GlobalSection(ExtensibilityGlobals) = postSolution
		SolutionGuid = {6609F7E1-2946-4852-B6FB-482FFE19E142}
	EndGlobalSection
EndGlobal
